
Microsoft Visual Studio Solution File, Format Version 12.00
# Visual Studio 15
VisualStudioVersion = 15.0.28010.2041
MinimumVisualStudioVersion = 10.0.40219.1
Project("{FAE04EC0-301F-11D3-BF4B-00C04F79EFBC}") = "XSM.Android", "XSM\XSM.Android\XSM.Android.csproj", "{4ECB7776-FD7F-436E-B665-F916238BBAD4}"
EndProject
Project("{FAE04EC0-301F-11D3-BF4B-00C04F79EFBC}") = "XSM", "XSM\XSM\XSM.csproj", "{360ACEF4-243B-4A29-8982-73B4DBEB0AA0}"
EndProject
Global
	GlobalSection(SolutionConfigurationPlatforms) = preSolution
		Debug|Any CPU = Debug|Any CPU
		Release|Any CPU = Release|Any CPU
	EndGlobalSection
	GlobalSection(ProjectConfigurationPlatforms) = postSolution
		{4ECB7776-FD7F-436E-B665-F916238BBAD4}.Debug|Any CPU.ActiveCfg = Debug|Any CPU
		{4ECB7776-FD7F-436E-B665-F916238BBAD4}.Debug|Any CPU.Build.0 = Debug|Any CPU
		{4ECB7776-FD7F-436E-B665-F916238BBAD4}.Debug|Any CPU.Deploy.0 = Debug|Any CPU
		{4ECB7776-FD7F-436E-B665-F916238BBAD4}.Release|Any CPU.ActiveCfg = Release|Any CPU
		{4ECB7776-FD7F-436E-B665-F916238BBAD4}.Release|Any CPU.Build.0 = Release|Any CPU
		{4ECB7776-FD7F-436E-B665-F916238BBAD4}.Release|Any CPU.Deploy.0 = Release|Any CPU
		{360ACEF4-243B-4A29-8982-73B4DBEB0AA0}.Debug|Any CPU.ActiveCfg = Debug|Any CPU
		{360ACEF4-243B-4A29-8982-73B4DBEB0AA0}.Debug|Any CPU.Build.0 = Debug|Any CPU
		{360ACEF4-243B-4A29-8982-73B4DBEB0AA0}.Debug|Any CPU.Deploy.0 = Debug|Any CPU
		{360ACEF4-243B-4A29-8982-73B4DBEB0AA0}.Release|Any CPU.ActiveCfg = Release|Any CPU
		{360ACEF4-243B-4A29-8982-73B4DBEB0AA0}.Release|Any CPU.Build.0 = Release|Any CPU
		{360ACEF4-243B-4A29-8982-73B4DBEB0AA0}.Release|Any CPU.Deploy.0 = Release|Any CPU
	EndGlobalSection
	GlobalSection(SolutionProperties) = preSolution
		HideSolutionNode = FALSE
	EndGlobalSection
	GlobalSection(ExtensibilityGlobals) = postSolution
		SolutionGuid = {DA01BFDB-E430-4297-91A3-6665D30328BC}
	EndGlobalSection
EndGlobal
